// !$*UTF8*$!
{
	archiveVersion = 1;
	classes = {
	};
	objectVersion = 48;
	objects = {

/* Begin PBXBuildFile section */
		FC7778391F03A1000007EDB7 /* AppDelegate.swift in Sources */ = {isa = PBXBuildFile; fileRef = FC7778381F03A1000007EDB7 /* AppDelegate.swift */; };
		FC77783B1F03A1000007EDB7 /* ViewController.swift in Sources */ = {isa = PBXBuildFile; fileRef = FC77783A1F03A1000007EDB7 /* ViewController.swift */; };
		FC77783E1F03A1000007EDB7 /* Main.storyboard in Resources */ = {isa = PBXBuildFile; fileRef = FC77783C1F03A1000007EDB7 /* Main.storyboard */; };
		FC7778401F03A1000007EDB7 /* Assets.xcassets in Resources */ = {isa = PBXBuildFile; fileRef = FC77783F1F03A1000007EDB7 /* Assets.xcassets */; };
		FC7778431F03A1000007EDB7 /* LaunchScreen.storyboard in Resources */ = {isa = PBXBuildFile; fileRef = FC7778411F03A1000007EDB7 /* LaunchScreen.storyboard */; };
		FC77784B1F03AA510007EDB7 /* Array+Sort.swift in Sources */ = {isa = PBXBuildFile; fileRef = FC77784A1F03AA510007EDB7 /* Array+Sort.swift */; };
/* End PBXBuildFile section */

/* Begin PBXFileReference section */
		FC7778351F03A1000007EDB7 /* SwiftSort.app */ = {isa = PBXFileReference; explicitFileType = wrapper.application; includeInIndex = 0; path = SwiftSort.app; sourceTree = BUILT_PRODUCTS_DIR; };
		FC7778381F03A1000007EDB7 /* AppDelegate.swift */ = {isa = PBXFileReference; lastKnownFileType = sourcecode.swift; path = AppDelegate.swift; sourceTree = "<group>"; };
		FC77783A1F03A1000007EDB7 /* ViewController.swift */ = {isa = PBXFileReference; lastKnownFileType = sourcecode.swift; path = ViewController.swift; sourceTree = "<group>"; };
		FC77783D1F03A1000007EDB7 /* Base */ = {isa = PBXFileReference; lastKnownFileType = file.storyboard; name = Base; path = Base.lproj/Main.storyboard; sourceTree = "<group>"; };
		FC77783F1F03A1000007EDB7 /* Assets.xcassets */ = {isa = PBXFileReference; lastKnownFileType = folder.assetcatalog; path = Assets.xcassets; sourceTree = "<group>"; };
		FC7778421F03A1000007EDB7 /* Base */ = {isa = PBXFileReference; lastKnownFileType = file.storyboard; name = Base; path = Base.lproj/LaunchScreen.storyboard; sourceTree = "<group>"; };
		FC7778441F03A1000007EDB7 /* Info.plist */ = {isa = PBXFileReference; lastKnownFileType = text.plist.xml; path = Info.plist; sourceTree = "<group>"; };
		FC77784A1F03AA510007EDB7 /* Array+Sort.swift */ = {isa = PBXFileReference; lastKnownFileType = sourcecode.swift; path = "Array+Sort.swift"; sourceTree = "<group>"; };
/* End PBXFileReference section */

/* Begin PBXFrameworksBuildPhase section */
		FC7778321F03A1000007EDB7 /* Frameworks */ = {
			isa = PBXFrameworksBuildPhase;
			buildActionMask = 2147483647;
			files = (
			);
			runOnlyForDeploymentPostprocessing = 0;
		};
/* End PBXFrameworksBuildPhase section */

/* Begin PBXGroup section */
		FC77782C1F03A1000007EDB7 = {
			isa = PBXGroup;
			children = (
				FC7778371F03A1000007EDB7 /* SwiftSort */,
				FC7778361F03A1000007EDB7 /* Products */,
			);
			sourceTree = "<group>";
		};
		FC7778361F03A1000007EDB7 /* Products */ = {
			isa = PBXGroup;
			children = (
				FC7778351F03A1000007EDB7 /* SwiftSort.app */,
			);
			name = Products;
			sourceTree = "<group>";
		};
		FC7778371F03A1000007EDB7 /* SwiftSort */ = {
			isa = PBXGroup;
			children = (
				FC7778381F03A1000007EDB7 /* AppDelegate.swift */,
				FC77783A1F03A1000007EDB7 /* ViewController.swift */,
				FC77783C1F03A1000007EDB7 /* Main.storyboard */,
				FC77783F1F03A1000007EDB7 /* Assets.xcassets */,
				FC7778411F03A1000007EDB7 /* LaunchScreen.storyboard */,
				FC7778441F03A1000007EDB7 /* Info.plist */,
				FC77784A1F03AA510007EDB7 /* Array+Sort.swift */,
			);
			path = SwiftSort;
			sourceTree = "<group>";
		};
/* End PBXGroup section */

/* Begin PBXNativeTarget section */
		FC7778341F03A1000007EDB7 /* SwiftSort */ = {
			isa = PBXNativeTarget;
			buildConfigurationList = FC7778471F03A1000007EDB7 /* Build configuration list for PBXNativeTarget "SwiftSort" */;
			buildPhases = (
				FC7778311F03A1000007EDB7 /* Sources */,
				FC7778321F03A1000007EDB7 /* Frameworks */,
				FC7778331F03A1000007EDB7 /* Resources */,
			);
			buildRules = (
			);
			dependencies = (
			);
			name = SwiftSort;
			productName = SwiftSort;
			productReference = FC7778351F03A1000007EDB7 /* SwiftSort.app */;
			productType = "com.apple.product-type.application";
		};
/* End PBXNativeTarget section */

/* Begin PBXProject section */
		FC77782D1F03A1000007EDB7 /* Project object */ = {
			isa = PBXProject;
			attributes = {
				LastSwiftUpdateCheck = 0900;
				LastUpgradeCheck = 0900;
				ORGANIZATIONNAME = codeWorm;
				TargetAttributes = {
					FC7778341F03A1000007EDB7 = {
						CreatedOnToolsVersion = 9.0;
					};
				};
			};
			buildConfigurationList = FC7778301F03A1000007EDB7 /* Build configuration list for PBXProject "SwiftSort" */;
			compatibilityVersion = "Xcode 8.0";
			developmentRegion = en;
			hasScannedForEncodings = 0;
			knownRegions = (
				en,
				Base,
			);
			mainGroup = FC77782C1F03A1000007EDB7;
			productRefGroup = FC7778361F03A1000007EDB7 /* Products */;
			projectDirPath = "";
			projectRoot = "";
			targets = (
				FC7778341F03A1000007EDB7 /* SwiftSort */,
			);
		};
/* End PBXProject section */

/* Begin PBXResourcesBuildPhase section */
		FC7778331F03A1000007EDB7 /* Resources */ = {
			isa = PBXResourcesBuildPhase;
			buildActionMask = 2147483647;
			files = (
				FC7778431F03A1000007EDB7 /* LaunchScreen.storyboard in Resources */,
				FC7778401F03A1000007EDB7 /* Assets.xcassets in Resources */,
				FC77783E1F03A1000007EDB7 /* Main.storyboard in Resources */,
			);
			runOnlyForDeploymentPostprocessing = 0;
		};
/* End PBXResourcesBuildPhase section */

/* Begin PBXSourcesBuildPhase section */
		FC7778311F03A1000007EDB7 /* Sources */ = {
			isa = PBXSourcesBuildPhase;
			buildActionMask = 2147483647;
			files = (
				FC77784B1F03AA510007EDB7 /* Array+Sort.swift in Sources */,
				FC77783B1F03A1000007EDB7 /* ViewController.swift in Sources */,
				FC7778391F03A1000007EDB7 /* AppDelegate.swift in Sources */,
			);
			runOnlyForDeploymentPostprocessing = 0;
		};
/* End PBXSourcesBuildPhase section */

/* Begin PBXVariantGroup section */
		FC77783C1F03A1000007EDB7 /* Main.storyboard */ = {
			isa = PBXVariantGroup;
			children = (
				FC77783D1F03A1000007EDB7 /* Base */,
			);
			name = Main.storyboard;
			sourceTree = "<group>";
		};
		FC7778411F03A1000007EDB7 /* LaunchScreen.storyboard */ = {
			isa = PBXVariantGroup;
			children = (
				FC7778421F03A1000007EDB7 /* Base */,
			);
			name = LaunchScreen.storyboard;
			sourceTree = "<group>";
		};
/* End PBXVariantGroup section */

/* Begin XCBuildConfiguration section */
		FC7778451F03A1000007EDB7 /* Debug */ = {
			isa = XCBuildConfiguration;
			buildSettings = {
				ALWAYS_SEARCH_USER_PATHS = NO;
				CLANG_ANALYZER_NONNULL = YES;
				CLANG_ANALYZER_NUMBER_OBJECT_CONVERSION = YES_AGGRESSIVE;
				CLANG_CXX_LANGUAGE_STANDARD = "gnu++14";
				CLANG_CXX_LIBRARY = "libc++";
				CLANG_ENABLE_MODULES = YES;
				CLANG_ENABLE_OBJC_ARC = YES;
				CLANG_WARN_BLOCK_CAPTURE_AUTORELEASING = YES;
				CLANG_WARN_BOOL_CONVERSION = YES;
				CLANG_WARN_COMMA = YES;
				CLANG_WARN_CONSTANT_CONVERSION = YES;
				CLANG_WARN_DIRECT_OBJC_ISA_USAGE = YES_ERROR;
				CLANG_WARN_DOCUMENTATION_COMMENTS = YES;
				CLANG_WARN_EMPTY_BODY = YES;
				CLANG_WARN_ENUM_CONVERSION = YES;
				CLANG_WARN_INFINITE_RECURSION = YES;
				CLANG_WARN_INT_CONVERSION = YES;
				CLANG_WARN_OBJC_ROOT_CLASS = YES_ERROR;
				CLANG_WARN_RANGE_LOOP_ANALYSIS = YES;
				CLANG_WARN_STRICT_PROTOTYPES = YES;
				CLANG_WARN_SUSPICIOUS_MOVE = YES;
				CLANG_WARN_UNGUARDED_AVAILABILITY = YES_AGGRESSIVE;
				CLANG_WARN_UNREACHABLE_CODE = YES;
				CLANG_WARN__DUPLICATE_METHOD_MATCH = YES;
				CODE_SIGN_IDENTITY = "iPhone Developer";
				COPY_PHASE_STRIP = NO;
				DEBUG_INFORMATION_FORMAT = dwarf;
				ENABLE_STRICT_OBJC_MSGSEND = YES;
				ENABLE_TESTABILITY = YES;
				GCC_C_LANGUAGE_STANDARD = gnu11;
				GCC_DYNAMIC_NO_PIC = NO;
				GCC_NO_COMMON_BLOCKS = YES;
				GCC_OPTIMIZATION_LEVEL = 0;
				GCC_PREPROCESSOR_DEFINITIONS = (
					"DEBUG=1",
					"$(inherited)",
				);
				GCC_WARN_64_TO_32_BIT_CONVERSION = YES;
				GCC_WARN_ABOUT_RETURN_TYPE = YES_ERROR;
				GCC_WARN_UNDECLARED_SELECTOR = YES;
				GCC_WARN_UNINITIALIZED_AUTOS = YES_AGGRESSIVE;
				GCC_WARN_UNUSED_FUNCTION = YES;
				GCC_WARN_UNUSED_VARIABLE = YES;
				IPHONEOS_DEPLOYMENT_TARGET = 11.0;
				MTL_ENABLE_DEBUG_INFO = YES;
				ONLY_ACTIVE_ARCH = YES;
				SDKROOT = iphoneos;
				SWIFT_ACTIVE_COMPILATION_CONDITIONS = DEBUG;
				SWIFT_OPTIMIZATION_LEVEL = "-Onone";
			};
			name = Debug;
		};
		FC7778461F03A1000007EDB7 /* Release */ = {
			isa = XCBuildConfiguration;
			buildSettings = {
				ALWAYS_SEARCH_USER_PATHS = NO;
				CLANG_ANALYZER_NONNULL = YES;
				CLANG_ANALYZER_NUMBER_OBJECT_CONVERSION = YES_AGGRESSIVE;
				CLANG_CXX_LANGUAGE_STANDARD = "gnu++14";
				CLANG_CXX_LIBRARY = "libc++";
				CLANG_ENABLE_MODULES = YES;
				CLANG_ENABLE_OBJC_ARC = YES;
				CLANG_WARN_BLOCK_CAPTURE_AUTORELEASING = YES;
				CLANG_WARN_BOOL_CONVERSION = YES;
				CLANG_WARN_COMMA = YES;
				CLANG_WARN_CONSTANT_CONVERSION = YES;
				CLANG_WARN_DIRECT_OBJC_ISA_USAGE = YES_ERROR;
				CLANG_WARN_DOCUMENTATION_COMMENTS = YES;
				CLANG_WARN_EMPTY_BODY = YES;
				CLANG_WARN_ENUM_CONVERSION = YES;
				CLANG_WARN_INFINITE_RECURSION = YES;
				CLANG_WARN_INT_CONVERSION = YES;
				CLANG_WARN_OBJC_ROOT_CLASS = YES_ERROR;
				CLANG_WARN_RANGE_LOOP_ANALYSIS = YES;
				CLANG_WARN_STRICT_PROTOTYPES = YES;
				CLANG_WARN_SUSPICIOUS_MOVE = YES;
				CLANG_WARN_UNGUARDED_AVAILABILITY = YES_AGGRESSIVE;
				CLANG_WARN_UNREACHABLE_CODE = YES;
				CLANG_WARN__DUPLICATE_METHOD_MATCH = YES;
				CODE_SIGN_IDENTITY = "iPhone Developer";
				COPY_PHASE_STRIP = NO;
				DEBUG_INFORMATION_FORMAT = "dwarf-with-dsym";
				ENABLE_NS_ASSERTIONS = NO;
				ENABLE_STRICT_OBJC_MSGSEND = YES;
				GCC_C_LANGUAGE_STANDARD = gnu11;
				GCC_NO_COMMON_BLOCKS = YES;
				GCC_WARN_64_TO_32_BIT_CONVERSION = YES;
				GCC_WARN_ABOUT_RETURN_TYPE = YES_ERROR;
				GCC_WARN_UNDECLARED_SELECTOR = YES;
				GCC_WARN_UNINITIALIZED_AUTOS = YES_AGGRESSIVE;
				GCC_WARN_UNUSED_FUNCTION = YES;
				GCC_WARN_UNUSED_VARIABLE = YES;
				IPHONEOS_DEPLOYMENT_TARGET = 11.0;
				MTL_ENABLE_DEBUG_INFO = NO;
				SDKROOT = iphoneos;
				SWIFT_OPTIMIZATION_LEVEL = "-Owholemodule";
				VALIDATE_PRODUCT = YES;
			};
			name = Release;
		};
		FC7778481F03A1000007EDB7 /* Debug */ = {
			isa = XCBuildConfiguration;
			buildSettings = {
				ASSETCATALOG_COMPILER_APPICON_NAME = AppIcon;
				INFOPLIST_FILE = SwiftSort/Info.plist;
				LD_RUNPATH_SEARCH_PATHS = "$(inherited) @executable_path/Frameworks";
				PRODUCT_BUNDLE_IDENTIFIER = codeWorm.SwiftSort;
				PRODUCT_NAME = "$(TARGET_NAME)";
				SWIFT_VERSION = 4.0;
				TARGETED_DEVICE_FAMILY = "1,2";
			};
			name = Debug;
		};
		FC7778491F03A1000007EDB7 /* Release */ = {
			isa = XCBuildConfiguration;
			buildSettings = {
				ASSETCATALOG_COMPILER_APPICON_NAME = AppIcon;
				INFOPLIST_FILE = SwiftSort/Info.plist;
				LD_RUNPATH_SEARCH_PATHS = "$(inherited) @executable_path/Frameworks";
				PRODUCT_BUNDLE_IDENTIFIER = codeWorm.SwiftSort;
				PRODUCT_NAME = "$(TARGET_NAME)";
				SWIFT_VERSION = 4.0;
				TARGETED_DEVICE_FAMILY = "1,2";
			};
			name = Release;
		};
/* End XCBuildConfiguration section */

/* Begin XCConfigurationList section */
		FC7778301F03A1000007EDB7 /* Build configuration list for PBXProject "SwiftSort" */ = {
			isa = XCConfigurationList;
			buildConfigurations = (
				FC7778451F03A1000007EDB7 /* Debug */,
				FC7778461F03A1000007EDB7 /* Release */,
			);
			defaultConfigurationIsVisible = 0;
			defaultConfigurationName = Release;
		};
		FC7778471F03A1000007EDB7 /* Build configuration list for PBXNativeTarget "SwiftSort" */ = {
			isa = XCConfigurationList;
			buildConfigurations = (
				FC7778481F03A1000007EDB7 /* Debug */,
				FC7778491F03A1000007EDB7 /* Release */,
			);
			defaultConfigurationIsVisible = 0;
		};
/* End XCConfigurationList section */
	};
	rootObject = FC77782D1F03A1000007EDB7 /* Project object */;
}
